
Microsoft Visual Studio Solution File, Format Version 11.00
# Visual Studio 2010
Project("{FAE04EC0-301F-11D3-BF4B-00C04F79EFBC}") = "Return Of Eternity", "Assembly-CSharp.csproj", "{7175A21A-D0E7-1ABF-66E7-D59882964C8E}"
EndProject
Global
	GlobalSection(SolutionConfigurationPlatforms) = preSolution
		Debug|Any CPU = Debug|Any CPU
		Release|Any CPU = Release|Any CPU
	EndGlobalSection
	GlobalSection(ProjectConfigurationPlatforms) = postSolution
		{7175A21A-D0E7-1ABF-66E7-D59882964C8E}.Debug|Any CPU.ActiveCfg = Debug|Any CPU
		{7175A21A-D0E7-1ABF-66E7-D59882964C8E}.Debug|Any CPU.Build.0 = Debug|Any CPU
		{7175A21A-D0E7-1ABF-66E7-D59882964C8E}.Release|Any CPU.ActiveCfg = Release|Any CPU
		{7175A21A-D0E7-1ABF-66E7-D59882964C8E}.Release|Any CPU.Build.0 = Release|Any CPU
	EndGlobalSection
	GlobalSection(SolutionProperties) = preSolution
		HideSolutionNode = FALSE
	EndGlobalSection
	GlobalSection(MonoDevelopProperties) = preSolution
		StartupItem = Assembly-CSharp.csproj
	EndGlobalSection
EndGlobal
